
Microsoft Visual Studio Solution File, Format Version 12.00
# Visual Studio Version 17
VisualStudioVersion = 17.4.33205.214
MinimumVisualStudioVersion = 10.0.40219.1
Project("{FAE04EC0-301F-11D3-BF4B-00C04F79EFBC}") = "eLibrary", "eLibrary\eLibrary.csproj", "{F1D828AC-AF4B-4462-B143-C67BADB2BCD3}"
EndProject
Global
	GlobalSection(SolutionConfigurationPlatforms) = preSolution
		Debug|Any CPU = Debug|Any CPU
		Release|Any CPU = Release|Any CPU
	EndGlobalSection
	GlobalSection(ProjectConfigurationPlatforms) = postSolution
		{F1D828AC-AF4B-4462-B143-C67BADB2BCD3}.Debug|Any CPU.ActiveCfg = Debug|Any CPU
		{F1D828AC-AF4B-4462-B143-C67BADB2BCD3}.Debug|Any CPU.Build.0 = Debug|Any CPU
		{F1D828AC-AF4B-4462-B143-C67BADB2BCD3}.Release|Any CPU.ActiveCfg = Release|Any CPU
		{F1D828AC-AF4B-4462-B143-C67BADB2BCD3}.Release|Any CPU.Build.0 = Release|Any CPU
	EndGlobalSection
	GlobalSection(SolutionProperties) = preSolution
		HideSolutionNode = FALSE
	EndGlobalSection
	GlobalSection(ExtensibilityGlobals) = postSolution
		SolutionGuid = {64FCC15C-9D0D-4061-AE4F-1187BEDD097F}
	EndGlobalSection
EndGlobal
